
Microsoft Visual Studio Solution File, Format Version 12.00
# Visual Studio Version 17
VisualStudioVersion = 17.8.34511.84
MinimumVisualStudioVersion = 10.0.40219.1
Project("{FAE04EC0-301F-11D3-BF4B-00C04F79EFBC}") = "Programm_Schmid_Bauer_Flappy_Dragon", "Programm_Schmid_Bauer_Flappy_Dragon\Programm_Schmid_Bauer_Flappy_Dragon.csproj", "{32E585EE-F92C-49F1-B753-A2F116291EB3}"
EndProject
Global
	GlobalSection(SolutionConfigurationPlatforms) = preSolution
		Debug|Any CPU = Debug|Any CPU
		Release|Any CPU = Release|Any CPU
	EndGlobalSection
	GlobalSection(ProjectConfigurationPlatforms) = postSolution
		{32E585EE-F92C-49F1-B753-A2F116291EB3}.Debug|Any CPU.ActiveCfg = Debug|Any CPU
		{32E585EE-F92C-49F1-B753-A2F116291EB3}.Debug|Any CPU.Build.0 = Debug|Any CPU
		{32E585EE-F92C-49F1-B753-A2F116291EB3}.Release|Any CPU.ActiveCfg = Release|Any CPU
		{32E585EE-F92C-49F1-B753-A2F116291EB3}.Release|Any CPU.Build.0 = Release|Any CPU
	EndGlobalSection
	GlobalSection(SolutionProperties) = preSolution
		HideSolutionNode = FALSE
	EndGlobalSection
	GlobalSection(ExtensibilityGlobals) = postSolution
		SolutionGuid = {9F243726-1D2D-40DB-9842-87DB11C78657}
	EndGlobalSection
EndGlobal
